
Microsoft Visual Studio Solution File, Format Version 12.00
# Visual Studio Version 17
VisualStudioVersion = 17.5.002.0
MinimumVisualStudioVersion = 10.0.40219.1
Project("{9A19103F-16F7-4668-BE54-9A1E7A4F7556}") = "backend", "backend.csproj", "{421A8B7F-C74E-42F7-8136-A0ADDAA1F3D1}"
EndProject
Global
	GlobalSection(SolutionConfigurationPlatforms) = preSolution
		Debug|Any CPU = Debug|Any CPU
		Release|Any CPU = Release|Any CPU
	EndGlobalSection
	GlobalSection(ProjectConfigurationPlatforms) = postSolution
		{421A8B7F-C74E-42F7-8136-A0ADDAA1F3D1}.Debug|Any CPU.ActiveCfg = Debug|Any CPU
		{421A8B7F-C74E-42F7-8136-A0ADDAA1F3D1}.Debug|Any CPU.Build.0 = Debug|Any CPU
		{421A8B7F-C74E-42F7-8136-A0ADDAA1F3D1}.Release|Any CPU.ActiveCfg = Release|Any CPU
		{421A8B7F-C74E-42F7-8136-A0ADDAA1F3D1}.Release|Any CPU.Build.0 = Release|Any CPU
	EndGlobalSection
	GlobalSection(SolutionProperties) = preSolution
		HideSolutionNode = FALSE
	EndGlobalSection
	GlobalSection(ExtensibilityGlobals) = postSolution
		SolutionGuid = {3DA9678A-2D05-493B-8032-11A93D040D23}
	EndGlobalSection
EndGlobal
